
Microsoft Visual Studio Solution File, Format Version 12.00
# Visual Studio 14
VisualStudioVersion = 14.0.25420.1
MinimumVisualStudioVersion = 10.0.40219.1
Project("{FAE04EC0-301F-11D3-BF4B-00C04F79EFBC}") = "ejercico51", "ejercico51\ejercico51.csproj", "{5F3FD320-F23B-40E9-B419-26EB60BCFCCA}"
EndProject
Global
	GlobalSection(SolutionConfigurationPlatforms) = preSolution
		Debug|Any CPU = Debug|Any CPU
		Release|Any CPU = Release|Any CPU
	EndGlobalSection
	GlobalSection(ProjectConfigurationPlatforms) = postSolution
		{5F3FD320-F23B-40E9-B419-26EB60BCFCCA}.Debug|Any CPU.ActiveCfg = Debug|Any CPU
		{5F3FD320-F23B-40E9-B419-26EB60BCFCCA}.Debug|Any CPU.Build.0 = Debug|Any CPU
		{5F3FD320-F23B-40E9-B419-26EB60BCFCCA}.Release|Any CPU.ActiveCfg = Release|Any CPU
		{5F3FD320-F23B-40E9-B419-26EB60BCFCCA}.Release|Any CPU.Build.0 = Release|Any CPU
	EndGlobalSection
	GlobalSection(SolutionProperties) = preSolution
		HideSolutionNode = FALSE
	EndGlobalSection
EndGlobal
